
Microsoft Visual Studio Solution File, Format Version 12.00
# Visual Studio Version 17
VisualStudioVersion = 17.4.33213.308
MinimumVisualStudioVersion = 10.0.40219.1
Project("{FAE04EC0-301F-11D3-BF4B-00C04F79EFBC}") = "SimpleCalculator", "Calculator\SimpleCalculator.csproj", "{439A70B5-8823-4AE8-AD4B-FE337ECD664D}"
EndProject
Project("{FAE04EC0-301F-11D3-BF4B-00C04F79EFBC}") = "SimpleCalculator.Test.Unit", "SimpleCalculator.Test.Unit\SimpleCalculator.Test.Unit.csproj", "{7065E658-6FF6-43DD-BBDD-CDA2D770DD4D}"
EndProject
Global
	GlobalSection(SolutionConfigurationPlatforms) = preSolution
		Debug|Any CPU = Debug|Any CPU
		Release|Any CPU = Release|Any CPU
	EndGlobalSection
	GlobalSection(ProjectConfigurationPlatforms) = postSolution
		{439A70B5-8823-4AE8-AD4B-FE337ECD664D}.Debug|Any CPU.ActiveCfg = Debug|Any CPU
		{439A70B5-8823-4AE8-AD4B-FE337ECD664D}.Debug|Any CPU.Build.0 = Debug|Any CPU
		{439A70B5-8823-4AE8-AD4B-FE337ECD664D}.Release|Any CPU.ActiveCfg = Release|Any CPU
		{439A70B5-8823-4AE8-AD4B-FE337ECD664D}.Release|Any CPU.Build.0 = Release|Any CPU
		{7065E658-6FF6-43DD-BBDD-CDA2D770DD4D}.Debug|Any CPU.ActiveCfg = Debug|Any CPU
		{7065E658-6FF6-43DD-BBDD-CDA2D770DD4D}.Debug|Any CPU.Build.0 = Debug|Any CPU
		{7065E658-6FF6-43DD-BBDD-CDA2D770DD4D}.Release|Any CPU.ActiveCfg = Release|Any CPU
		{7065E658-6FF6-43DD-BBDD-CDA2D770DD4D}.Release|Any CPU.Build.0 = Release|Any CPU
	EndGlobalSection
	GlobalSection(SolutionProperties) = preSolution
		HideSolutionNode = FALSE
	EndGlobalSection
	GlobalSection(ExtensibilityGlobals) = postSolution
		SolutionGuid = {E13FF0CF-F342-406C-84B1-55C08728F626}
	EndGlobalSection
EndGlobal
